
Microsoft Visual Studio Solution File, Format Version 12.00
# Visual Studio Version 17
VisualStudioVersion = 17.9.34616.47
MinimumVisualStudioVersion = 10.0.40219.1
Project("{8BC9CEB8-8B4A-11D0-8D11-00A0C91BC942}") = "ioFile", "StreamReaderandWriter_0141\StreamReaderandWriter_0141.vcxproj", "{C696BBBC-4650-40FD-B020-DC314767919F}"
EndProject
Project("{8BC9CEB8-8B4A-11D0-8D11-00A0C91BC942}") = "ioFileWithPath", "ioFileWithPath\ioFileWithPath.vcxproj", "{D7DE588B-7EC4-40E3-87C5-18B1E869A5B2}"
EndProject
Project("{8BC9CEB8-8B4A-11D0-8D11-00A0C91BC942}") = "ExceptionStandard", "ExceptionStandard\ExceptionStandard.vcxproj", "{67C3F731-C68F-419A-960F-9BEE9FD4569E}"
EndProject
Project("{8BC9CEB8-8B4A-11D0-8D11-00A0C91BC942}") = "ManualException", "ManualException\ManualException.vcxproj", "{553208D0-3C47-4BEB-8510-4F5D0C6A10EB}"
EndProject
Global
	GlobalSection(SolutionConfigurationPlatforms) = preSolution
		Debug|x64 = Debug|x64
		Debug|x86 = Debug|x86
		Release|x64 = Release|x64
		Release|x86 = Release|x86
	EndGlobalSection
	GlobalSection(ProjectConfigurationPlatforms) = postSolution
		{C696BBBC-4650-40FD-B020-DC314767919F}.Debug|x64.ActiveCfg = Debug|x64
		{C696BBBC-4650-40FD-B020-DC314767919F}.Debug|x64.Build.0 = Debug|x64
		{C696BBBC-4650-40FD-B020-DC314767919F}.Debug|x86.ActiveCfg = Debug|Win32
		{C696BBBC-4650-40FD-B020-DC314767919F}.Debug|x86.Build.0 = Debug|Win32
		{C696BBBC-4650-40FD-B020-DC314767919F}.Release|x64.ActiveCfg = Release|x64
		{C696BBBC-4650-40FD-B020-DC314767919F}.Release|x64.Build.0 = Release|x64
		{C696BBBC-4650-40FD-B020-DC314767919F}.Release|x86.ActiveCfg = Release|Win32
		{C696BBBC-4650-40FD-B020-DC314767919F}.Release|x86.Build.0 = Release|Win32
		{D7DE588B-7EC4-40E3-87C5-18B1E869A5B2}.Debug|x64.ActiveCfg = Debug|x64
		{D7DE588B-7EC4-40E3-87C5-18B1E869A5B2}.Debug|x64.Build.0 = Debug|x64
		{D7DE588B-7EC4-40E3-87C5-18B1E869A5B2}.Debug|x86.ActiveCfg = Debug|Win32
		{D7DE588B-7EC4-40E3-87C5-18B1E869A5B2}.Debug|x86.Build.0 = Debug|Win32
		{D7DE588B-7EC4-40E3-87C5-18B1E869A5B2}.Release|x64.ActiveCfg = Release|x64
		{D7DE588B-7EC4-40E3-87C5-18B1E869A5B2}.Release|x64.Build.0 = Release|x64
		{D7DE588B-7EC4-40E3-87C5-18B1E869A5B2}.Release|x86.ActiveCfg = Release|Win32
		{D7DE588B-7EC4-40E3-87C5-18B1E869A5B2}.Release|x86.Build.0 = Release|Win32
		{67C3F731-C68F-419A-960F-9BEE9FD4569E}.Debug|x64.ActiveCfg = Debug|x64
		{67C3F731-C68F-419A-960F-9BEE9FD4569E}.Debug|x64.Build.0 = Debug|x64
		{67C3F731-C68F-419A-960F-9BEE9FD4569E}.Debug|x86.ActiveCfg = Debug|Win32
		{67C3F731-C68F-419A-960F-9BEE9FD4569E}.Debug|x86.Build.0 = Debug|Win32
		{67C3F731-C68F-419A-960F-9BEE9FD4569E}.Release|x64.ActiveCfg = Release|x64
		{67C3F731-C68F-419A-960F-9BEE9FD4569E}.Release|x64.Build.0 = Release|x64
		{67C3F731-C68F-419A-960F-9BEE9FD4569E}.Release|x86.ActiveCfg = Release|Win32
		{67C3F731-C68F-419A-960F-9BEE9FD4569E}.Release|x86.Build.0 = Release|Win32
		{553208D0-3C47-4BEB-8510-4F5D0C6A10EB}.Debug|x64.ActiveCfg = Debug|x64
		{553208D0-3C47-4BEB-8510-4F5D0C6A10EB}.Debug|x64.Build.0 = Debug|x64
		{553208D0-3C47-4BEB-8510-4F5D0C6A10EB}.Debug|x86.ActiveCfg = Debug|Win32
		{553208D0-3C47-4BEB-8510-4F5D0C6A10EB}.Debug|x86.Build.0 = Debug|Win32
		{553208D0-3C47-4BEB-8510-4F5D0C6A10EB}.Release|x64.ActiveCfg = Release|x64
		{553208D0-3C47-4BEB-8510-4F5D0C6A10EB}.Release|x64.Build.0 = Release|x64
		{553208D0-3C47-4BEB-8510-4F5D0C6A10EB}.Release|x86.ActiveCfg = Release|Win32
		{553208D0-3C47-4BEB-8510-4F5D0C6A10EB}.Release|x86.Build.0 = Release|Win32
	EndGlobalSection
	GlobalSection(SolutionProperties) = preSolution
		HideSolutionNode = FALSE
	EndGlobalSection
	GlobalSection(ExtensibilityGlobals) = postSolution
		SolutionGuid = {9820CF9B-901A-4F16-B6A9-C235DF885BA5}
	EndGlobalSection
EndGlobal
